
Microsoft Visual Studio Solution File, Format Version 12.00
# Visual Studio 15
VisualStudioVersion = 15.0.28010.2016
MinimumVisualStudioVersion = 10.0.40219.1
Project("{FAE04EC0-301F-11D3-BF4B-00C04F79EFBC}") = "ReviewSite", "ReviewSite\ReviewSite.csproj", "{0304C96B-EA54-42A3-93A1-DAE5103B265A}"
EndProject
Project("{FAE04EC0-301F-11D3-BF4B-00C04F79EFBC}") = "ReviewSite.Tests", "HomeControllerTests\ReviewSite.Tests.csproj", "{91ADCB9C-1730-41FF-A451-FDE6F5612FAC}"
EndProject
Global
	GlobalSection(SolutionConfigurationPlatforms) = preSolution
		Debug|Any CPU = Debug|Any CPU
		Release|Any CPU = Release|Any CPU
	EndGlobalSection
	GlobalSection(ProjectConfigurationPlatforms) = postSolution
		{0304C96B-EA54-42A3-93A1-DAE5103B265A}.Debug|Any CPU.ActiveCfg = Debug|Any CPU
		{0304C96B-EA54-42A3-93A1-DAE5103B265A}.Debug|Any CPU.Build.0 = Debug|Any CPU
		{0304C96B-EA54-42A3-93A1-DAE5103B265A}.Release|Any CPU.ActiveCfg = Release|Any CPU
		{0304C96B-EA54-42A3-93A1-DAE5103B265A}.Release|Any CPU.Build.0 = Release|Any CPU
		{91ADCB9C-1730-41FF-A451-FDE6F5612FAC}.Debug|Any CPU.ActiveCfg = Debug|Any CPU
		{91ADCB9C-1730-41FF-A451-FDE6F5612FAC}.Debug|Any CPU.Build.0 = Debug|Any CPU
		{91ADCB9C-1730-41FF-A451-FDE6F5612FAC}.Release|Any CPU.ActiveCfg = Release|Any CPU
		{91ADCB9C-1730-41FF-A451-FDE6F5612FAC}.Release|Any CPU.Build.0 = Release|Any CPU
	EndGlobalSection
	GlobalSection(SolutionProperties) = preSolution
		HideSolutionNode = FALSE
	EndGlobalSection
	GlobalSection(ExtensibilityGlobals) = postSolution
		SolutionGuid = {47946D4F-4763-409A-AA7C-4DAF5CA515C5}
	EndGlobalSection
EndGlobal
